github.com/nakabonne/tstorage v0.3.6 h1:usp7pTohax8mynnFiUSUQ2QVBCKLCkYx3gmb3+rJo54=
github.com/nakabonne/tstorage v0.3.6/go.mod h1:1xUrK3s1MXSlU6dn96xHerHx/MdO4BGmsAHEUbsaOxU=
golang.org/x/exp v0.0.0-20231110203233-9a3e6036ecaa h1:FRnLl4eNAQl8hwxVVC17teOw8kdjVDVAiFMtgUdTSRQ=
golang.org/x/exp v0.0.0-20231110203233-9a3e6036ecaa/go.mod h1:zk2irFbV9DP96SEBUUAy67IdHUaZuSnrz1n472HUCLE=
